
Microsoft Visual Studio Solution File, Format Version 12.00
# Visual Studio Version 16
VisualStudioVersion = 16.0.29409.12
MinimumVisualStudioVersion = 10.0.40219.1
Project("{FAE04EC0-301F-11D3-BF4B-00C04F79EFBC}") = "FinalProject", "FinalProject\FinalProject.csproj", "{B9B1DF82-4B24-4D69-A890-CFCA90C1F80A}"
EndProject
Global
	GlobalSection(SolutionConfigurationPlatforms) = preSolution
		Debug|Any CPU = Debug|Any CPU
		Release|Any CPU = Release|Any CPU
	EndGlobalSection
	GlobalSection(ProjectConfigurationPlatforms) = postSolution
		{B9B1DF82-4B24-4D69-A890-CFCA90C1F80A}.Debug|Any CPU.ActiveCfg = Debug|Any CPU
		{B9B1DF82-4B24-4D69-A890-CFCA90C1F80A}.Debug|Any CPU.Build.0 = Debug|Any CPU
		{B9B1DF82-4B24-4D69-A890-CFCA90C1F80A}.Release|Any CPU.ActiveCfg = Release|Any CPU
		{B9B1DF82-4B24-4D69-A890-CFCA90C1F80A}.Release|Any CPU.Build.0 = Release|Any CPU
	EndGlobalSection
	GlobalSection(SolutionProperties) = preSolution
		HideSolutionNode = FALSE
	EndGlobalSection
	GlobalSection(ExtensibilityGlobals) = postSolution
		SolutionGuid = {51367B1B-506C-4B59-855B-311CCCBC8663}
	EndGlobalSection
EndGlobal
